
Microsoft Visual Studio Solution File, Format Version 12.00
# Visual Studio Version 17
VisualStudioVersion = 17.4.33205.214
MinimumVisualStudioVersion = 10.0.40219.1
Project("{8BC9CEB8-8B4A-11D0-8D11-00A0C91BC942}") = "1.常量和变量", "常量和变量\常量和变量.vcxproj", "{9298AD72-34D9-4265-8292-A179FA908E3A}"
EndProject
Project("{8BC9CEB8-8B4A-11D0-8D11-00A0C91BC942}") = "2.scanf读取标准输入缓冲区原理", "scanf\scanf.vcxproj", "{8855FAF8-62D9-4847-8A17-2AE4EE3C09D2}"
EndProject
Project("{8BC9CEB8-8B4A-11D0-8D11-00A0C91BC942}") = "3.进制变换", "进制变换\进制变换.vcxproj", "{CC849B25-9642-4A97-A72E-3062F7515A43}"
EndProject
Project("{8BC9CEB8-8B4A-11D0-8D11-00A0C91BC942}") = "Sample", "Sample\Sample.vcxproj", "{E27AB86B-20A8-4AC8-8510-6F13460E3D79}"
EndProject
Project("{8BC9CEB8-8B4A-11D0-8D11-00A0C91BC942}") = "4.浮点数和字符型", "浮点数和字符型\浮点数和字符型.vcxproj", "{8CA2A017-14FC-42C3-BE67-8CD9ECBE316F}"
EndProject
Project("{8BC9CEB8-8B4A-11D0-8D11-00A0C91BC942}") = "5.字符型大小写转换", "5.字符型大小写转换\5.字符型大小写转换.vcxproj", "{5421AF46-A87B-4E74-98E7-61F2C3F6E619}"
EndProject
Project("{8BC9CEB8-8B4A-11D0-8D11-00A0C91BC942}") = "6.混和运算", "6.混和运算\6.混和运算.vcxproj", "{384661C5-AEA3-4F1B-8C7B-317B947B2776}"
EndProject
Project("{8BC9CEB8-8B4A-11D0-8D11-00A0C91BC942}") = "2.1.scanf循环读取整数", "2.1.scanf循环读取\2.1.scanf循环读取.vcxproj", "{28D4DFEB-7DFC-49F0-AF2E-9D32B9404D71}"
EndProject
Project("{8BC9CEB8-8B4A-11D0-8D11-00A0C91BC942}") = "2.2.scanf循环读取字符", "2.2.scanf循环读取字符\2.2.scanf循环读取字符.vcxproj", "{9011A655-FE2E-4992-BA33-01E34C34563D}"
EndProject
Project("{8BC9CEB8-8B4A-11D0-8D11-00A0C91BC942}") = "2.3scanf的混合输入", "2.3scanf多种字符类型混合输入\2.3scanf多种字符类型混合输入.vcxproj", "{A2DEAFF2-4F5E-45A9-A0E4-C5741771FEAB}"
EndProject
Project("{8BC9CEB8-8B4A-11D0-8D11-00A0C91BC942}") = "7.选择与循环", "7.选择与循环\7.选择与循环.vcxproj", "{64A3DBE4-3945-459B-B170-93FBB893E40B}"
EndProject
Project("{8BC9CEB8-8B4A-11D0-8D11-00A0C91BC942}") = "8.一维数组和字符数组", "8.一维数组和字符数组\8.一维数组和字符数组.vcxproj", "{FE6C7CC4-EC3B-46D1-B519-B55189F2E90E}"
EndProject
Project("{8BC9CEB8-8B4A-11D0-8D11-00A0C91BC942}") = "7.1.判断对称数和对称字符串", "7.1.判断是否是对称数\7.1.判断是否是对称数.vcxproj", "{193A1BA1-A852-4D2A-BE17-EB6DEFB46857}"
EndProject
Project("{8BC9CEB8-8B4A-11D0-8D11-00A0C91BC942}") = "9.gets与puts-str-指针本身", "9.gets与puts-str-指针本身\9.gets与puts-str-指针本身.vcxproj", "{E64C0530-EF24-431C-A8A2-DE811971B5AC}"
EndProject
Project("{8BC9CEB8-8B4A-11D0-8D11-00A0C91BC942}") = "10.指针", "10.指针\10.指针.vcxproj", "{B58B9D9F-2088-47E5-B2AB-4CE900715071}"
EndProject
Project("{8BC9CEB8-8B4A-11D0-8D11-00A0C91BC942}") = "10.1.面值10、5、2、1", "10.1指针的传递与偏移\10.1指针的传递与偏移.vcxproj", "{7415D34E-966F-47B7-ACE3-01D5F8F542E3}"
EndProject
Project("{8BC9CEB8-8B4A-11D0-8D11-00A0C91BC942}") = "10.2.最多数的个数", "10.2.数的个数\10.2.数的个数.vcxproj", "{1E710E1C-E2BF-48F0-BC83-6BC3187059B8}"
EndProject
Project("{8BC9CEB8-8B4A-11D0-8D11-00A0C91BC942}") = "10.3.指针的使用场景", "10.3.指针的使用场景\10.3.指针的使用场景.vcxproj", "{51BDBD18-C261-447B-BE1C-CF251ABDF766}"
EndProject
Project("{8BC9CEB8-8B4A-11D0-8D11-00A0C91BC942}") = "10.5.指针与一维数组及malloc动态申请空间", "10.4.指针与一维数组及malloc动态申请空间\10.4.指针与一维数组及malloc动态申请空间.vcxproj", "{AF6DDDE6-8D8D-462F-9CB1-F378D0742E4F}"
EndProject
Project("{8BC9CEB8-8B4A-11D0-8D11-00A0C91BC942}") = "10.4.指针与自增自减运算符", "10.4.指针与自增自减运算符\10.4.指针与自增自减运算符.vcxproj", "{10F5A7CB-AB9C-4104-9851-FAC796E8CFE0}"
EndProject
Project("{8BC9CEB8-8B4A-11D0-8D11-00A0C91BC942}") = "10.6.栈空间和堆空间差异", "10.6.栈空间和堆空间差异\10.6.栈空间和堆空间差异.vcxproj", "{DFE292AC-BF74-48F4-8E0A-B958BC55B598}"
EndProject
Project("{8BC9CEB8-8B4A-11D0-8D11-00A0C91BC942}") = "10.7.动态申请空间字符串输入实例", "10.7.二级指针的偏移\10.7.二级指针的偏移.vcxproj", "{070A5D1A-3EBC-412D-8928-75340AC869D8}"
EndProject
Project("{8BC9CEB8-8B4A-11D0-8D11-00A0C91BC942}") = "10.8.字符指针和字符数组初始化", "10.8.字符指针和字符数组初始化\10.8.字符指针和字符数组初始化.vcxproj", "{35F6BD65-475B-4FE9-853C-B12FB8BBC167}"
EndProject
Project("{8BC9CEB8-8B4A-11D0-8D11-00A0C91BC942}") = "10.9.二级指针", "10.9\10.9.vcxproj", "{158864CF-ECA3-4447-868B-DD8005A0E1DD}"
EndProject
Project("{8BC9CEB8-8B4A-11D0-8D11-00A0C91BC942}") = "11.函数", "11.函数\11.函数.vcxproj", "{892F1178-E8F8-4A03-90CD-5ED1B4E41E2B}"
EndProject
Project("{8BC9CEB8-8B4A-11D0-8D11-00A0C91BC942}") = "11.1.递归调用", "11.1.递归调用\11.1.递归调用.vcxproj", "{08C65FCE-305E-49ED-BBB9-3C4902D0297F}"
EndProject
Project("{8BC9CEB8-8B4A-11D0-8D11-00A0C91BC942}") = "12.结构体和结构体指针", "12.结构体和结构体指针\12.结构体和结构体指针.vcxproj", "{39376FEB-6A34-492C-B6D5-5D4CF3F38250}"
EndProject
Project("{8BC9CEB8-8B4A-11D0-8D11-00A0C91BC942}") = "12.1.typedef的使用", "12.1.typedef的使用\12.1.typedef的使用.vcxproj", "{739BDF73-0DBC-413A-B452-CE8450B4B48F}"
EndProject
Project("{8BC9CEB8-8B4A-11D0-8D11-00A0C91BC942}") = "12.3.C++的引用", "12.3.C++的引用\12.3.C++的引用.vcxproj", "{6DE85DA4-45F1-4368-B70E-634A641A79B8}"
EndProject
Global
	GlobalSection(SolutionConfigurationPlatforms) = preSolution
		Debug|x64 = Debug|x64
		Debug|x86 = Debug|x86
		Release|x64 = Release|x64
		Release|x86 = Release|x86
	EndGlobalSection
	GlobalSection(ProjectConfigurationPlatforms) = postSolution
		{9298AD72-34D9-4265-8292-A179FA908E3A}.Debug|x64.ActiveCfg = Debug|x64
		{9298AD72-34D9-4265-8292-A179FA908E3A}.Debug|x64.Build.0 = Debug|x64
		{9298AD72-34D9-4265-8292-A179FA908E3A}.Debug|x86.ActiveCfg = Debug|Win32
		{9298AD72-34D9-4265-8292-A179FA908E3A}.Debug|x86.Build.0 = Debug|Win32
		{9298AD72-34D9-4265-8292-A179FA908E3A}.Release|x64.ActiveCfg = Release|x64
		{9298AD72-34D9-4265-8292-A179FA908E3A}.Release|x64.Build.0 = Release|x64
		{9298AD72-34D9-4265-8292-A179FA908E3A}.Release|x86.ActiveCfg = Release|Win32
		{9298AD72-34D9-4265-8292-A179FA908E3A}.Release|x86.Build.0 = Release|Win32
		{8855FAF8-62D9-4847-8A17-2AE4EE3C09D2}.Debug|x64.ActiveCfg = Debug|x64
		{8855FAF8-62D9-4847-8A17-2AE4EE3C09D2}.Debug|x64.Build.0 = Debug|x64
		{8855FAF8-62D9-4847-8A17-2AE4EE3C09D2}.Debug|x86.ActiveCfg = Debug|Win32
		{8855FAF8-62D9-4847-8A17-2AE4EE3C09D2}.Debug|x86.Build.0 = Debug|Win32
		{8855FAF8-62D9-4847-8A17-2AE4EE3C09D2}.Release|x64.ActiveCfg = Release|x64
		{8855FAF8-62D9-4847-8A17-2AE4EE3C09D2}.Release|x64.Build.0 = Release|x64
		{8855FAF8-62D9-4847-8A17-2AE4EE3C09D2}.Release|x86.ActiveCfg = Release|Win32
		{8855FAF8-62D9-4847-8A17-2AE4EE3C09D2}.Release|x86.Build.0 = Release|Win32
		{CC849B25-9642-4A97-A72E-3062F7515A43}.Debug|x64.ActiveCfg = Debug|x64
		{CC849B25-9642-4A97-A72E-3062F7515A43}.Debug|x64.Build.0 = Debug|x64
		{CC849B25-9642-4A97-A72E-3062F7515A43}.Debug|x86.ActiveCfg = Debug|Win32
		{CC849B25-9642-4A97-A72E-3062F7515A43}.Debug|x86.Build.0 = Debug|Win32
		{CC849B25-9642-4A97-A72E-3062F7515A43}.Release|x64.ActiveCfg = Release|x64
		{CC849B25-9642-4A97-A72E-3062F7515A43}.Release|x64.Build.0 = Release|x64
		{CC849B25-9642-4A97-A72E-3062F7515A43}.Release|x86.ActiveCfg = Release|Win32
		{CC849B25-9642-4A97-A72E-3062F7515A43}.Release|x86.Build.0 = Release|Win32
		{E27AB86B-20A8-4AC8-8510-6F13460E3D79}.Debug|x64.ActiveCfg = Debug|x64
		{E27AB86B-20A8-4AC8-8510-6F13460E3D79}.Debug|x64.Build.0 = Debug|x64
		{E27AB86B-20A8-4AC8-8510-6F13460E3D79}.Debug|x86.ActiveCfg = Debug|Win32
		{E27AB86B-20A8-4AC8-8510-6F13460E3D79}.Debug|x86.Build.0 = Debug|Win32
		{E27AB86B-20A8-4AC8-8510-6F13460E3D79}.Release|x64.ActiveCfg = Release|x64
		{E27AB86B-20A8-4AC8-8510-6F13460E3D79}.Release|x64.Build.0 = Release|x64
		{E27AB86B-20A8-4AC8-8510-6F13460E3D79}.Release|x86.ActiveCfg = Release|Win32
		{E27AB86B-20A8-4AC8-8510-6F13460E3D79}.Release|x86.Build.0 = Release|Win32
		{8CA2A017-14FC-42C3-BE67-8CD9ECBE316F}.Debug|x64.ActiveCfg = Debug|x64
		{8CA2A017-14FC-42C3-BE67-8CD9ECBE316F}.Debug|x64.Build.0 = Debug|x64
		{8CA2A017-14FC-42C3-BE67-8CD9ECBE316F}.Debug|x86.ActiveCfg = Debug|Win32
		{8CA2A017-14FC-42C3-BE67-8CD9ECBE316F}.Debug|x86.Build.0 = Debug|Win32
		{8CA2A017-14FC-42C3-BE67-8CD9ECBE316F}.Release|x64.ActiveCfg = Release|x64
		{8CA2A017-14FC-42C3-BE67-8CD9ECBE316F}.Release|x64.Build.0 = Release|x64
		{8CA2A017-14FC-42C3-BE67-8CD9ECBE316F}.Release|x86.ActiveCfg = Release|Win32
		{8CA2A017-14FC-42C3-BE67-8CD9ECBE316F}.Release|x86.Build.0 = Release|Win32
		{5421AF46-A87B-4E74-98E7-61F2C3F6E619}.Debug|x64.ActiveCfg = Debug|x64
		{5421AF46-A87B-4E74-98E7-61F2C3F6E619}.Debug|x64.Build.0 = Debug|x64
		{5421AF46-A87B-4E74-98E7-61F2C3F6E619}.Debug|x86.ActiveCfg = Debug|Win32
		{5421AF46-A87B-4E74-98E7-61F2C3F6E619}.Debug|x86.Build.0 = Debug|Win32
		{5421AF46-A87B-4E74-98E7-61F2C3F6E619}.Release|x64.ActiveCfg = Release|x64
		{5421AF46-A87B-4E74-98E7-61F2C3F6E619}.Release|x64.Build.0 = Release|x64
		{5421AF46-A87B-4E74-98E7-61F2C3F6E619}.Release|x86.ActiveCfg = Release|Win32
		{5421AF46-A87B-4E74-98E7-61F2C3F6E619}.Release|x86.Build.0 = Release|Win32
		{384661C5-AEA3-4F1B-8C7B-317B947B2776}.Debug|x64.ActiveCfg = Debug|x64
		{384661C5-AEA3-4F1B-8C7B-317B947B2776}.Debug|x64.Build.0 = Debug|x64
		{384661C5-AEA3-4F1B-8C7B-317B947B2776}.Debug|x86.ActiveCfg = Debug|Win32
		{384661C5-AEA3-4F1B-8C7B-317B947B2776}.Debug|x86.Build.0 = Debug|Win32
		{384661C5-AEA3-4F1B-8C7B-317B947B2776}.Release|x64.ActiveCfg = Release|x64
		{384661C5-AEA3-4F1B-8C7B-317B947B2776}.Release|x64.Build.0 = Release|x64
		{384661C5-AEA3-4F1B-8C7B-317B947B2776}.Release|x86.ActiveCfg = Release|Win32
		{384661C5-AEA3-4F1B-8C7B-317B947B2776}.Release|x86.Build.0 = Release|Win32
		{28D4DFEB-7DFC-49F0-AF2E-9D32B9404D71}.Debug|x64.ActiveCfg = Debug|x64
		{28D4DFEB-7DFC-49F0-AF2E-9D32B9404D71}.Debug|x64.Build.0 = Debug|x64
		{28D4DFEB-7DFC-49F0-AF2E-9D32B9404D71}.Debug|x86.ActiveCfg = Debug|Win32
		{28D4DFEB-7DFC-49F0-AF2E-9D32B9404D71}.Debug|x86.Build.0 = Debug|Win32
		{28D4DFEB-7DFC-49F0-AF2E-9D32B9404D71}.Release|x64.ActiveCfg = Release|x64
		{28D4DFEB-7DFC-49F0-AF2E-9D32B9404D71}.Release|x64.Build.0 = Release|x64
		{28D4DFEB-7DFC-49F0-AF2E-9D32B9404D71}.Release|x86.ActiveCfg = Release|Win32
		{28D4DFEB-7DFC-49F0-AF2E-9D32B9404D71}.Release|x86.Build.0 = Release|Win32
		{9011A655-FE2E-4992-BA33-01E34C34563D}.Debug|x64.ActiveCfg = Debug|x64
		{9011A655-FE2E-4992-BA33-01E34C34563D}.Debug|x64.Build.0 = Debug|x64
		{9011A655-FE2E-4992-BA33-01E34C34563D}.Debug|x86.ActiveCfg = Debug|Win32
		{9011A655-FE2E-4992-BA33-01E34C34563D}.Debug|x86.Build.0 = Debug|Win32
		{9011A655-FE2E-4992-BA33-01E34C34563D}.Release|x64.ActiveCfg = Release|x64
		{9011A655-FE2E-4992-BA33-01E34C34563D}.Release|x64.Build.0 = Release|x64
		{9011A655-FE2E-4992-BA33-01E34C34563D}.Release|x86.ActiveCfg = Release|Win32
		{9011A655-FE2E-4992-BA33-01E34C34563D}.Release|x86.Build.0 = Release|Win32
		{A2DEAFF2-4F5E-45A9-A0E4-C5741771FEAB}.Debug|x64.ActiveCfg = Debug|x64
		{A2DEAFF2-4F5E-45A9-A0E4-C5741771FEAB}.Debug|x64.Build.0 = Debug|x64
		{A2DEAFF2-4F5E-45A9-A0E4-C5741771FEAB}.Debug|x86.ActiveCfg = Debug|Win32
		{A2DEAFF2-4F5E-45A9-A0E4-C5741771FEAB}.Debug|x86.Build.0 = Debug|Win32
		{A2DEAFF2-4F5E-45A9-A0E4-C5741771FEAB}.Release|x64.ActiveCfg = Release|x64
		{A2DEAFF2-4F5E-45A9-A0E4-C5741771FEAB}.Release|x64.Build.0 = Release|x64
		{A2DEAFF2-4F5E-45A9-A0E4-C5741771FEAB}.Release|x86.ActiveCfg = Release|Win32
		{A2DEAFF2-4F5E-45A9-A0E4-C5741771FEAB}.Release|x86.Build.0 = Release|Win32
		{64A3DBE4-3945-459B-B170-93FBB893E40B}.Debug|x64.ActiveCfg = Debug|x64
		{64A3DBE4-3945-459B-B170-93FBB893E40B}.Debug|x64.Build.0 = Debug|x64
		{64A3DBE4-3945-459B-B170-93FBB893E40B}.Debug|x86.ActiveCfg = Debug|Win32
		{64A3DBE4-3945-459B-B170-93FBB893E40B}.Debug|x86.Build.0 = Debug|Win32
		{64A3DBE4-3945-459B-B170-93FBB893E40B}.Release|x64.ActiveCfg = Release|x64
		{64A3DBE4-3945-459B-B170-93FBB893E40B}.Release|x64.Build.0 = Release|x64
		{64A3DBE4-3945-459B-B170-93FBB893E40B}.Release|x86.ActiveCfg = Release|Win32
		{64A3DBE4-3945-459B-B170-93FBB893E40B}.Release|x86.Build.0 = Release|Win32
		{FE6C7CC4-EC3B-46D1-B519-B55189F2E90E}.Debug|x64.ActiveCfg = Debug|x64
		{FE6C7CC4-EC3B-46D1-B519-B55189F2E90E}.Debug|x64.Build.0 = Debug|x64
		{FE6C7CC4-EC3B-46D1-B519-B55189F2E90E}.Debug|x86.ActiveCfg = Debug|Win32
		{FE6C7CC4-EC3B-46D1-B519-B55189F2E90E}.Debug|x86.Build.0 = Debug|Win32
		{FE6C7CC4-EC3B-46D1-B519-B55189F2E90E}.Release|x64.ActiveCfg = Release|x64
		{FE6C7CC4-EC3B-46D1-B519-B55189F2E90E}.Release|x64.Build.0 = Release|x64
		{FE6C7CC4-EC3B-46D1-B519-B55189F2E90E}.Release|x86.ActiveCfg = Release|Win32
		{FE6C7CC4-EC3B-46D1-B519-B55189F2E90E}.Release|x86.Build.0 = Release|Win32
		{193A1BA1-A852-4D2A-BE17-EB6DEFB46857}.Debug|x64.ActiveCfg = Debug|x64
		{193A1BA1-A852-4D2A-BE17-EB6DEFB46857}.Debug|x64.Build.0 = Debug|x64
		{193A1BA1-A852-4D2A-BE17-EB6DEFB46857}.Debug|x86.ActiveCfg = Debug|Win32
		{193A1BA1-A852-4D2A-BE17-EB6DEFB46857}.Debug|x86.Build.0 = Debug|Win32
		{193A1BA1-A852-4D2A-BE17-EB6DEFB46857}.Release|x64.ActiveCfg = Release|x64
		{193A1BA1-A852-4D2A-BE17-EB6DEFB46857}.Release|x64.Build.0 = Release|x64
		{193A1BA1-A852-4D2A-BE17-EB6DEFB46857}.Release|x86.ActiveCfg = Release|Win32
		{193A1BA1-A852-4D2A-BE17-EB6DEFB46857}.Release|x86.Build.0 = Release|Win32
		{E64C0530-EF24-431C-A8A2-DE811971B5AC}.Debug|x64.ActiveCfg = Debug|x64
		{E64C0530-EF24-431C-A8A2-DE811971B5AC}.Debug|x64.Build.0 = Debug|x64
		{E64C0530-EF24-431C-A8A2-DE811971B5AC}.Debug|x86.ActiveCfg = Debug|Win32
		{E64C0530-EF24-431C-A8A2-DE811971B5AC}.Debug|x86.Build.0 = Debug|Win32
		{E64C0530-EF24-431C-A8A2-DE811971B5AC}.Release|x64.ActiveCfg = Release|x64
		{E64C0530-EF24-431C-A8A2-DE811971B5AC}.Release|x64.Build.0 = Release|x64
		{E64C0530-EF24-431C-A8A2-DE811971B5AC}.Release|x86.ActiveCfg = Release|Win32
		{E64C0530-EF24-431C-A8A2-DE811971B5AC}.Release|x86.Build.0 = Release|Win32
		{B58B9D9F-2088-47E5-B2AB-4CE900715071}.Debug|x64.ActiveCfg = Debug|x64
		{B58B9D9F-2088-47E5-B2AB-4CE900715071}.Debug|x64.Build.0 = Debug|x64
		{B58B9D9F-2088-47E5-B2AB-4CE900715071}.Debug|x86.ActiveCfg = Debug|Win32
		{B58B9D9F-2088-47E5-B2AB-4CE900715071}.Debug|x86.Build.0 = Debug|Win32
		{B58B9D9F-2088-47E5-B2AB-4CE900715071}.Release|x64.ActiveCfg = Release|x64
		{B58B9D9F-2088-47E5-B2AB-4CE900715071}.Release|x64.Build.0 = Release|x64
		{B58B9D9F-2088-47E5-B2AB-4CE900715071}.Release|x86.ActiveCfg = Release|Win32
		{B58B9D9F-2088-47E5-B2AB-4CE900715071}.Release|x86.Build.0 = Release|Win32
		{7415D34E-966F-47B7-ACE3-01D5F8F542E3}.Debug|x64.ActiveCfg = Debug|x64
		{7415D34E-966F-47B7-ACE3-01D5F8F542E3}.Debug|x64.Build.0 = Debug|x64
		{7415D34E-966F-47B7-ACE3-01D5F8F542E3}.Debug|x86.ActiveCfg = Debug|Win32
		{7415D34E-966F-47B7-ACE3-01D5F8F542E3}.Debug|x86.Build.0 = Debug|Win32
		{7415D34E-966F-47B7-ACE3-01D5F8F542E3}.Release|x64.ActiveCfg = Release|x64
		{7415D34E-966F-47B7-ACE3-01D5F8F542E3}.Release|x64.Build.0 = Release|x64
		{7415D34E-966F-47B7-ACE3-01D5F8F542E3}.Release|x86.ActiveCfg = Release|Win32
		{7415D34E-966F-47B7-ACE3-01D5F8F542E3}.Release|x86.Build.0 = Release|Win32
		{1E710E1C-E2BF-48F0-BC83-6BC3187059B8}.Debug|x64.ActiveCfg = Debug|x64
		{1E710E1C-E2BF-48F0-BC83-6BC3187059B8}.Debug|x64.Build.0 = Debug|x64
		{1E710E1C-E2BF-48F0-BC83-6BC3187059B8}.Debug|x86.ActiveCfg = Debug|Win32
		{1E710E1C-E2BF-48F0-BC83-6BC3187059B8}.Debug|x86.Build.0 = Debug|Win32
		{1E710E1C-E2BF-48F0-BC83-6BC3187059B8}.Release|x64.ActiveCfg = Release|x64
		{1E710E1C-E2BF-48F0-BC83-6BC3187059B8}.Release|x64.Build.0 = Release|x64
		{1E710E1C-E2BF-48F0-BC83-6BC3187059B8}.Release|x86.ActiveCfg = Release|Win32
		{1E710E1C-E2BF-48F0-BC83-6BC3187059B8}.Release|x86.Build.0 = Release|Win32
		{51BDBD18-C261-447B-BE1C-CF251ABDF766}.Debug|x64.ActiveCfg = Debug|x64
		{51BDBD18-C261-447B-BE1C-CF251ABDF766}.Debug|x64.Build.0 = Debug|x64
		{51BDBD18-C261-447B-BE1C-CF251ABDF766}.Debug|x86.ActiveCfg = Debug|Win32
		{51BDBD18-C261-447B-BE1C-CF251ABDF766}.Debug|x86.Build.0 = Debug|Win32
		{51BDBD18-C261-447B-BE1C-CF251ABDF766}.Release|x64.ActiveCfg = Release|x64
		{51BDBD18-C261-447B-BE1C-CF251ABDF766}.Release|x64.Build.0 = Release|x64
		{51BDBD18-C261-447B-BE1C-CF251ABDF766}.Release|x86.ActiveCfg = Release|Win32
		{51BDBD18-C261-447B-BE1C-CF251ABDF766}.Release|x86.Build.0 = Release|Win32
		{AF6DDDE6-8D8D-462F-9CB1-F378D0742E4F}.Debug|x64.ActiveCfg = Debug|x64
		{AF6DDDE6-8D8D-462F-9CB1-F378D0742E4F}.Debug|x64.Build.0 = Debug|x64
		{AF6DDDE6-8D8D-462F-9CB1-F378D0742E4F}.Debug|x86.ActiveCfg = Debug|Win32
		{AF6DDDE6-8D8D-462F-9CB1-F378D0742E4F}.Debug|x86.Build.0 = Debug|Win32
		{AF6DDDE6-8D8D-462F-9CB1-F378D0742E4F}.Release|x64.ActiveCfg = Release|x64
		{AF6DDDE6-8D8D-462F-9CB1-F378D0742E4F}.Release|x64.Build.0 = Release|x64
		{AF6DDDE6-8D8D-462F-9CB1-F378D0742E4F}.Release|x86.ActiveCfg = Release|Win32
		{AF6DDDE6-8D8D-462F-9CB1-F378D0742E4F}.Release|x86.Build.0 = Release|Win32
		{10F5A7CB-AB9C-4104-9851-FAC796E8CFE0}.Debug|x64.ActiveCfg = Debug|x64
		{10F5A7CB-AB9C-4104-9851-FAC796E8CFE0}.Debug|x64.Build.0 = Debug|x64
		{10F5A7CB-AB9C-4104-9851-FAC796E8CFE0}.Debug|x86.ActiveCfg = Debug|Win32
		{10F5A7CB-AB9C-4104-9851-FAC796E8CFE0}.Debug|x86.Build.0 = Debug|Win32
		{10F5A7CB-AB9C-4104-9851-FAC796E8CFE0}.Release|x64.ActiveCfg = Release|x64
		{10F5A7CB-AB9C-4104-9851-FAC796E8CFE0}.Release|x64.Build.0 = Release|x64
		{10F5A7CB-AB9C-4104-9851-FAC796E8CFE0}.Release|x86.ActiveCfg = Release|Win32
		{10F5A7CB-AB9C-4104-9851-FAC796E8CFE0}.Release|x86.Build.0 = Release|Win32
		{DFE292AC-BF74-48F4-8E0A-B958BC55B598}.Debug|x64.ActiveCfg = Debug|x64
		{DFE292AC-BF74-48F4-8E0A-B958BC55B598}.Debug|x64.Build.0 = Debug|x64
		{DFE292AC-BF74-48F4-8E0A-B958BC55B598}.Debug|x86.ActiveCfg = Debug|Win32
		{DFE292AC-BF74-48F4-8E0A-B958BC55B598}.Debug|x86.Build.0 = Debug|Win32
		{DFE292AC-BF74-48F4-8E0A-B958BC55B598}.Release|x64.ActiveCfg = Release|x64
		{DFE292AC-BF74-48F4-8E0A-B958BC55B598}.Release|x64.Build.0 = Release|x64
		{DFE292AC-BF74-48F4-8E0A-B958BC55B598}.Release|x86.ActiveCfg = Release|Win32
		{DFE292AC-BF74-48F4-8E0A-B958BC55B598}.Release|x86.Build.0 = Release|Win32
		{070A5D1A-3EBC-412D-8928-75340AC869D8}.Debug|x64.ActiveCfg = Debug|x64
		{070A5D1A-3EBC-412D-8928-75340AC869D8}.Debug|x64.Build.0 = Debug|x64
		{070A5D1A-3EBC-412D-8928-75340AC869D8}.Debug|x86.ActiveCfg = Debug|Win32
		{070A5D1A-3EBC-412D-8928-75340AC869D8}.Debug|x86.Build.0 = Debug|Win32
		{070A5D1A-3EBC-412D-8928-75340AC869D8}.Release|x64.ActiveCfg = Release|x64
		{070A5D1A-3EBC-412D-8928-75340AC869D8}.Release|x64.Build.0 = Release|x64
		{070A5D1A-3EBC-412D-8928-75340AC869D8}.Release|x86.ActiveCfg = Release|Win32
		{070A5D1A-3EBC-412D-8928-75340AC869D8}.Release|x86.Build.0 = Release|Win32
		{35F6BD65-475B-4FE9-853C-B12FB8BBC167}.Debug|x64.ActiveCfg = Debug|x64
		{35F6BD65-475B-4FE9-853C-B12FB8BBC167}.Debug|x64.Build.0 = Debug|x64
		{35F6BD65-475B-4FE9-853C-B12FB8BBC167}.Debug|x86.ActiveCfg = Debug|Win32
		{35F6BD65-475B-4FE9-853C-B12FB8BBC167}.Debug|x86.Build.0 = Debug|Win32
		{35F6BD65-475B-4FE9-853C-B12FB8BBC167}.Release|x64.ActiveCfg = Release|x64
		{35F6BD65-475B-4FE9-853C-B12FB8BBC167}.Release|x64.Build.0 = Release|x64
		{35F6BD65-475B-4FE9-853C-B12FB8BBC167}.Release|x86.ActiveCfg = Release|Win32
		{35F6BD65-475B-4FE9-853C-B12FB8BBC167}.Release|x86.Build.0 = Release|Win32
		{158864CF-ECA3-4447-868B-DD8005A0E1DD}.Debug|x64.ActiveCfg = Debug|x64
		{158864CF-ECA3-4447-868B-DD8005A0E1DD}.Debug|x64.Build.0 = Debug|x64
		{158864CF-ECA3-4447-868B-DD8005A0E1DD}.Debug|x86.ActiveCfg = Debug|Win32
		{158864CF-ECA3-4447-868B-DD8005A0E1DD}.Debug|x86.Build.0 = Debug|Win32
		{158864CF-ECA3-4447-868B-DD8005A0E1DD}.Release|x64.ActiveCfg = Release|x64
		{158864CF-ECA3-4447-868B-DD8005A0E1DD}.Release|x64.Build.0 = Release|x64
		{158864CF-ECA3-4447-868B-DD8005A0E1DD}.Release|x86.ActiveCfg = Release|Win32
		{158864CF-ECA3-4447-868B-DD8005A0E1DD}.Release|x86.Build.0 = Release|Win32
		{892F1178-E8F8-4A03-90CD-5ED1B4E41E2B}.Debug|x64.ActiveCfg = Debug|x64
		{892F1178-E8F8-4A03-90CD-5ED1B4E41E2B}.Debug|x64.Build.0 = Debug|x64
		{892F1178-E8F8-4A03-90CD-5ED1B4E41E2B}.Debug|x86.ActiveCfg = Debug|Win32
		{892F1178-E8F8-4A03-90CD-5ED1B4E41E2B}.Debug|x86.Build.0 = Debug|Win32
		{892F1178-E8F8-4A03-90CD-5ED1B4E41E2B}.Release|x64.ActiveCfg = Release|x64
		{892F1178-E8F8-4A03-90CD-5ED1B4E41E2B}.Release|x64.Build.0 = Release|x64
		{892F1178-E8F8-4A03-90CD-5ED1B4E41E2B}.Release|x86.ActiveCfg = Release|Win32
		{892F1178-E8F8-4A03-90CD-5ED1B4E41E2B}.Release|x86.Build.0 = Release|Win32
		{08C65FCE-305E-49ED-BBB9-3C4902D0297F}.Debug|x64.ActiveCfg = Debug|x64
		{08C65FCE-305E-49ED-BBB9-3C4902D0297F}.Debug|x64.Build.0 = Debug|x64
		{08C65FCE-305E-49ED-BBB9-3C4902D0297F}.Debug|x86.ActiveCfg = Debug|Win32
		{08C65FCE-305E-49ED-BBB9-3C4902D0297F}.Debug|x86.Build.0 = Debug|Win32
		{08C65FCE-305E-49ED-BBB9-3C4902D0297F}.Release|x64.ActiveCfg = Release|x64
		{08C65FCE-305E-49ED-BBB9-3C4902D0297F}.Release|x64.Build.0 = Release|x64
		{08C65FCE-305E-49ED-BBB9-3C4902D0297F}.Release|x86.ActiveCfg = Release|Win32
		{08C65FCE-305E-49ED-BBB9-3C4902D0297F}.Release|x86.Build.0 = Release|Win32
		{39376FEB-6A34-492C-B6D5-5D4CF3F38250}.Debug|x64.ActiveCfg = Debug|x64
		{39376FEB-6A34-492C-B6D5-5D4CF3F38250}.Debug|x64.Build.0 = Debug|x64
		{39376FEB-6A34-492C-B6D5-5D4CF3F38250}.Debug|x86.ActiveCfg = Debug|Win32
		{39376FEB-6A34-492C-B6D5-5D4CF3F38250}.Debug|x86.Build.0 = Debug|Win32
		{39376FEB-6A34-492C-B6D5-5D4CF3F38250}.Release|x64.ActiveCfg = Release|x64
		{39376FEB-6A34-492C-B6D5-5D4CF3F38250}.Release|x64.Build.0 = Release|x64
		{39376FEB-6A34-492C-B6D5-5D4CF3F38250}.Release|x86.ActiveCfg = Release|Win32
		{39376FEB-6A34-492C-B6D5-5D4CF3F38250}.Release|x86.Build.0 = Release|Win32
		{739BDF73-0DBC-413A-B452-CE8450B4B48F}.Debug|x64.ActiveCfg = Debug|x64
		{739BDF73-0DBC-413A-B452-CE8450B4B48F}.Debug|x64.Build.0 = Debug|x64
		{739BDF73-0DBC-413A-B452-CE8450B4B48F}.Debug|x86.ActiveCfg = Debug|Win32
		{739BDF73-0DBC-413A-B452-CE8450B4B48F}.Debug|x86.Build.0 = Debug|Win32
		{739BDF73-0DBC-413A-B452-CE8450B4B48F}.Release|x64.ActiveCfg = Release|x64
		{739BDF73-0DBC-413A-B452-CE8450B4B48F}.Release|x64.Build.0 = Release|x64
		{739BDF73-0DBC-413A-B452-CE8450B4B48F}.Release|x86.ActiveCfg = Release|Win32
		{739BDF73-0DBC-413A-B452-CE8450B4B48F}.Release|x86.Build.0 = Release|Win32
		{6DE85DA4-45F1-4368-B70E-634A641A79B8}.Debug|x64.ActiveCfg = Debug|x64
		{6DE85DA4-45F1-4368-B70E-634A641A79B8}.Debug|x64.Build.0 = Debug|x64
		{6DE85DA4-45F1-4368-B70E-634A641A79B8}.Debug|x86.ActiveCfg = Debug|Win32
		{6DE85DA4-45F1-4368-B70E-634A641A79B8}.Debug|x86.Build.0 = Debug|Win32
		{6DE85DA4-45F1-4368-B70E-634A641A79B8}.Release|x64.ActiveCfg = Release|x64
		{6DE85DA4-45F1-4368-B70E-634A641A79B8}.Release|x64.Build.0 = Release|x64
		{6DE85DA4-45F1-4368-B70E-634A641A79B8}.Release|x86.ActiveCfg = Release|Win32
		{6DE85DA4-45F1-4368-B70E-634A641A79B8}.Release|x86.Build.0 = Release|Win32
	EndGlobalSection
	GlobalSection(SolutionProperties) = preSolution
		HideSolutionNode = FALSE
	EndGlobalSection
	GlobalSection(ExtensibilityGlobals) = postSolution
		SolutionGuid = {DF2EBDF7-D60A-4D0B-BC3B-1D31F35D6880}
	EndGlobalSection
EndGlobal
